<Solution>
  <Folder Name="/Services/" />
  <Folder Name="/Services/Catalog/">
    <Project Path="Catalog.Core/Catalog.Core.csproj" />
    <Project Path="Catalog.Infrastructure/Catalog.Infrastructure.csproj" />
    <Project Path="Services/Catalog/Catalog.API/Catalog.API.csproj" />
    <Project Path="Services/Catalog/Catalog.Application/Catalog.Application.csproj" />
  </Folder>
</Solution>
