<Solution>
  <Folder Name="/Services/" />
  <Folder Name="/Services/Basket/">
    <Project Path="Services/Basket/Basket.API/Basket.API.csproj" Id="f9bfd90d-4244-4e1d-8630-dca21a9cefbd" />
    <Project Path="Services/Basket/Basket.Application/Basket.Application.csproj" Id="19a035b7-9f67-4fcf-aea4-847c0aebf90f" />
    <Project Path="Services/Basket/Basket.Core/Basket.Core.csproj" Id="432dee90-1d3b-40de-9ae4-b428ac92382f" />
    <Project Path="Services/Basket/Basket.Infrastructure/Basket.Infrastructure.csproj" Id="d2899ec8-85b9-445a-a724-4916d682795e" />
  </Folder>
  <Folder Name="/Services/Catalog/">
    <Project Path="Services/Catalog/Catalog.API/Catalog.API.csproj" />
    <Project Path="Services/Catalog/Catalog.Application/Catalog.Application.csproj" />
    <Project Path="Services/Catalog/Catalog.Core/Catalog.Core.csproj" />
    <Project Path="Services/Catalog/Catalog.Infrastructure/Catalog.Infrastructure.csproj" />
  </Folder>
  <Folder Name="/Services/Discount/">
    <Project Path="Services/Discount/Discount.API/Discount.API.csproj" Id="15a005c7-ca88-498b-8204-6eea20e12a87" />
    <Project Path="Services/Discount/Discount.Application/Discount.Application.csproj" Id="ad58f1a8-97cd-48e3-8c3f-1cb34a593173" />
    <Project Path="Services/Discount/Discount.Core/Discount.Core.csproj" Id="4bf41b31-d698-469b-a528-295c7db16e2c" />
    <Project Path="Services/Discount/Discount.Infrastructure/Discount.Infrastructure.csproj" Id="dd806b91-9753-4148-85d9-ecc83229bc24" />
  </Folder>
  <Project Path="docker-compose.dcproj">
    <Build />
  </Project>
</Solution>
